// !$*UTF8*$!
{
	archiveVersion = 1;
	classes = {
	};
	objectVersion = 46;
	objects = {

/* Begin PBXBuildFile section */
		2F3628BC266C1886002D349A /* SignatureViewController.h in Headers */ = {isa = PBXBuildFile; fileRef = 2F362827266C1881002D349A /* SignatureViewController.h */; };
		2F3628BD266C1886002D349A /* UviSignatureView.h in Headers */ = {isa = PBXBuildFile; fileRef = 2F362828266C1881002D349A /* UviSignatureView.h */; };
		2F3628BE266C1886002D349A /* SignatureViewController.m in Sources */ = {isa = PBXBuildFile; fileRef = 2F362829266C1881002D349A /* SignatureViewController.m */; };
		2F3628BF266C1886002D349A /* UviSignatureView.m in Sources */ = {isa = PBXBuildFile; fileRef = 2F36282A266C1881002D349A /* UviSignatureView.m */; };
		2F3628C0266C1886002D349A /* UINavigationController+autoRotate.m in Sources */ = {isa = PBXBuildFile; fileRef = 2F36282B266C1881002D349A /* UINavigationController+autoRotate.m */; };
		2F3628C1266C1886002D349A /* RDMenu.m in Sources */ = {isa = PBXBuildFile; fileRef = 2F36282C266C1881002D349A /* RDMenu.m */; };
		2F3628C2266C1886002D349A /* UILElement.h in Headers */ = {isa = PBXBuildFile; fileRef = 2F36282D266C1882002D349A /* UILElement.h */; };
		2F3628C3266C1886002D349A /* RDTreeViewController.h in Headers */ = {isa = PBXBuildFile; fileRef = 2F36282F266C1882002D349A /* RDTreeViewController.h */; };
		2F3628C4266C1886002D349A /* RDTreeTableViewCell.m in Sources */ = {isa = PBXBuildFile; fileRef = 2F362830266C1882002D349A /* RDTreeTableViewCell.m */; };
		2F3628C5266C1886002D349A /* OUTLINE_ITEM.m in Sources */ = {isa = PBXBuildFile; fileRef = 2F362831266C1882002D349A /* OUTLINE_ITEM.m */; };
		2F3628C6266C1886002D349A /* RDTreeViewController.m in Sources */ = {isa = PBXBuildFile; fileRef = 2F362832266C1882002D349A /* RDTreeViewController.m */; };
		2F3628C7266C1886002D349A /* OUTLINE_ITEM.h in Headers */ = {isa = PBXBuildFile; fileRef = 2F362834266C1882002D349A /* OUTLINE_ITEM.h */; };
		2F3628C8266C1886002D349A /* RDTreeTableViewCell.h in Headers */ = {isa = PBXBuildFile; fileRef = 2F362835266C1882002D349A /* RDTreeTableViewCell.h */; };
		2F3628C9266C1886002D349A /* UILElement.m in Sources */ = {isa = PBXBuildFile; fileRef = 2F362836266C1882002D349A /* UILElement.m */; };
		2F3628CA266C1886002D349A /* MenuTool.h in Headers */ = {isa = PBXBuildFile; fileRef = 2F362839266C1882002D349A /* MenuTool.h */; };
		2F3628CB266C1886002D349A /* RDPDFReflowViewController.h in Headers */ = {isa = PBXBuildFile; fileRef = 2F36283A266C1882002D349A /* RDPDFReflowViewController.h */; };
		2F3628CC266C1886002D349A /* UILStyleView.m in Sources */ = {isa = PBXBuildFile; fileRef = 2F36283B266C1882002D349A /* UILStyleView.m */; };
		2F3628CD266C1886002D349A /* RDExtendedSearch.m in Sources */ = {isa = PBXBuildFile; fileRef = 2F36283C266C1882002D349A /* RDExtendedSearch.m */; };
		2F3628CE266C1886002D349A /* RDMetaDataViewController.m in Sources */ = {isa = PBXBuildFile; fileRef = 2F36283D266C1882002D349A /* RDMetaDataViewController.m */; };
		2F3628CF266C1886002D349A /* PDFReaderCtrl.h in Headers */ = {isa = PBXBuildFile; fileRef = 2F36283E266C1882002D349A /* PDFReaderCtrl.h */; };
		2F3628D0266C1886002D349A /* RDAnnotPickerViewController.m in Sources */ = {isa = PBXBuildFile; fileRef = 2F36283F266C1882002D349A /* RDAnnotPickerViewController.m */; };
		2F3628D1266C1886002D349A /* MenuVMode.m in Sources */ = {isa = PBXBuildFile; fileRef = 2F362840266C1882002D349A /* MenuVMode.m */; };
		2F3628D2266C1886002D349A /* UIColorBtn.h in Headers */ = {isa = PBXBuildFile; fileRef = 2F362842266C1882002D349A /* UIColorBtn.h */; };
		2F3628D3266C1886002D349A /* DlgAnnotPropMarkup.h in Headers */ = {isa = PBXBuildFile; fileRef = 2F362843266C1882002D349A /* DlgAnnotPropMarkup.h */; };
		2F3628D4266C1886002D349A /* UIIconView.h in Headers */ = {isa = PBXBuildFile; fileRef = 2F362844266C1882002D349A /* UIIconView.h */; };
		2F3628D5266C1886002D349A /* MenuAnnot.m in Sources */ = {isa = PBXBuildFile; fileRef = 2F362847266C1882002D349A /* MenuAnnot.m */; };
		2F3628D6266C1886002D349A /* MenuCombo.h in Headers */ = {isa = PBXBuildFile; fileRef = 2F362848266C1882002D349A /* MenuCombo.h */; };
		2F3628D7266C1886002D349A /* SearchResultViewController.m in Sources */ = {isa = PBXBuildFile; fileRef = 2F362849266C1882002D349A /* SearchResultViewController.m */; };
		2F3628D8266C1886002D349A /* DlgAnnotPropIcon.m in Sources */ = {isa = PBXBuildFile; fileRef = 2F36284A266C1882002D349A /* DlgAnnotPropIcon.m */; };
		2F3628D9266C1886002D349A /* DlgAnnotPropLine.h in Headers */ = {isa = PBXBuildFile; fileRef = 2F36284B266C1882002D349A /* DlgAnnotPropLine.h */; };
		2F3628DA266C1886002D349A /* RDPopupTextViewController.m in Sources */ = {isa = PBXBuildFile; fileRef = 2F36284C266C1882002D349A /* RDPopupTextViewController.m */; };
		2F3628DB266C1886002D349A /* UILHeadView.h in Headers */ = {isa = PBXBuildFile; fileRef = 2F36284D266C1882002D349A /* UILHeadView.h */; };
		2F3628DC266C1886002D349A /* RDSinglePageViewController.m in Sources */ = {isa = PBXBuildFile; fileRef = 2F36284E266C1882002D349A /* RDSinglePageViewController.m */; };
		2F3628DD266C1886002D349A /* RDPageViewController.m in Sources */ = {isa = PBXBuildFile; fileRef = 2F36284F266C1882002D349A /* RDPageViewController.m */; };
		2F3628DE266C1886002D349A /* MenuSearch.m in Sources */ = {isa = PBXBuildFile; fileRef = 2F362850266C1882002D349A /* MenuSearch.m */; };
		2F3628DF266C1886002D349A /* DlgAnnotPropComm.m in Sources */ = {isa = PBXBuildFile; fileRef = 2F362851266C1882002D349A /* DlgAnnotPropComm.m */; };
		2F3628E0266C1886002D349A /* MenuAnnotOp.h in Headers */ = {isa = PBXBuildFile; fileRef = 2F362852266C1882002D349A /* MenuAnnotOp.h */; };
		2F3628E1266C1886002D349A /* PDFReaderCtrl.m in Sources */ = {isa = PBXBuildFile; fileRef = 2F362855266C1882002D349A /* PDFReaderCtrl.m */; };
		2F3628E2266C1886002D349A /* RDExtendedSearch.h in Headers */ = {isa = PBXBuildFile; fileRef = 2F362856266C1882002D349A /* RDExtendedSearch.h */; };
		2F3628E3266C1886002D349A /* RDMetaDataViewController.h in Headers */ = {isa = PBXBuildFile; fileRef = 2F362857266C1882002D349A /* RDMetaDataViewController.h */; };
		2F3628E4266C1886002D349A /* RDPDFReflowViewController.m in Sources */ = {isa = PBXBuildFile; fileRef = 2F362858266C1882002D349A /* RDPDFReflowViewController.m */; };
		2F3628E5266C1886002D349A /* UILStyleView.h in Headers */ = {isa = PBXBuildFile; fileRef = 2F362859266C1882002D349A /* UILStyleView.h */; };
		2F3628E6266C1886002D349A /* MenuTool.m in Sources */ = {isa = PBXBuildFile; fileRef = 2F36285B266C1882002D349A /* MenuTool.m */; };
		2F3628E7266C1886002D349A /* MenuAnnot.h in Headers */ = {isa = PBXBuildFile; fileRef = 2F36285C266C1882002D349A /* MenuAnnot.h */; };
		2F3628E8266C1886002D349A /* UIIconView.m in Sources */ = {isa = PBXBuildFile; fileRef = 2F36285E266C1882002D349A /* UIIconView.m */; };
		2F3628E9266C1886002D349A /* SearchResultTableViewController.h in Headers */ = {isa = PBXBuildFile; fileRef = 2F36285F266C1882002D349A /* SearchResultTableViewController.h */; };
		2F3628EA266C1886002D349A /* UIColorBtn.m in Sources */ = {isa = PBXBuildFile; fileRef = 2F362860266C1882002D349A /* UIColorBtn.m */; };
		2F3628EB266C1886002D349A /* DlgAnnotPropMarkup.m in Sources */ = {isa = PBXBuildFile; fileRef = 2F362861266C1882002D349A /* DlgAnnotPropMarkup.m */; };
		2F3628EC266C1886002D349A /* MenuVMode.h in Headers */ = {isa = PBXBuildFile; fileRef = 2F362862266C1882002D349A /* MenuVMode.h */; };
		2F3628ED266C1886002D349A /* RDAnnotPickerViewController.h in Headers */ = {isa = PBXBuildFile; fileRef = 2F362863266C1882002D349A /* RDAnnotPickerViewController.h */; };
		2F3628EE266C1886002D349A /* RDSinglePageViewController.h in Headers */ = {isa = PBXBuildFile; fileRef = 2F362865266C1882002D349A /* RDSinglePageViewController.h */; };
		2F3628EF266C1886002D349A /* RDPopupTextViewController.h in Headers */ = {isa = PBXBuildFile; fileRef = 2F362866266C1882002D349A /* RDPopupTextViewController.h */; };
		2F3628F0266C1886002D349A /* UILHeadView.m in Sources */ = {isa = PBXBuildFile; fileRef = 2F362867266C1882002D349A /* UILHeadView.m */; };
		2F3628F1266C1886002D349A /* DlgAnnotPropLine.m in Sources */ = {isa = PBXBuildFile; fileRef = 2F362869266C1882002D349A /* DlgAnnotPropLine.m */; };
		2F3628F2266C1886002D349A /* DlgAnnotPropIcon.h in Headers */ = {isa = PBXBuildFile; fileRef = 2F36286A266C1882002D349A /* DlgAnnotPropIcon.h */; };
		2F3628F3266C1886002D349A /* SearchResultViewController.h in Headers */ = {isa = PBXBuildFile; fileRef = 2F36286B266C1882002D349A /* SearchResultViewController.h */; };
		2F3628F4266C1886002D349A /* MenuCombo.m in Sources */ = {isa = PBXBuildFile; fileRef = 2F36286C266C1882002D349A /* MenuCombo.m */; };
		2F3628F5266C1886002D349A /* MenuAnnotOp.m in Sources */ = {isa = PBXBuildFile; fileRef = 2F36286E266C1883002D349A /* MenuAnnotOp.m */; };
		2F3628F6266C1886002D349A /* DlgAnnotPropComm.h in Headers */ = {isa = PBXBuildFile; fileRef = 2F36286F266C1883002D349A /* DlgAnnotPropComm.h */; };
		2F3628F7266C1886002D349A /* RDPageViewController.h in Headers */ = {isa = PBXBuildFile; fileRef = 2F362870266C1883002D349A /* RDPageViewController.h */; };
		2F3628F8266C1886002D349A /* MenuSearch.h in Headers */ = {isa = PBXBuildFile; fileRef = 2F362871266C1883002D349A /* MenuSearch.h */; };
		2F3628F9266C1886002D349A /* RadaeePDFPlugin.h in Headers */ = {isa = PBXBuildFile; fileRef = 2F362873266C1883002D349A /* RadaeePDFPlugin.h */; };
		2F3628FA266C1886002D349A /* RDFormManager.m in Sources */ = {isa = PBXBuildFile; fileRef = 2F362874266C1883002D349A /* RDFormManager.m */; };
		2F3628FB266C1886002D349A /* RadaeePDFPlugin.m in Sources */ = {isa = PBXBuildFile; fileRef = 2F362875266C1883002D349A /* RadaeePDFPlugin.m */; };
		2F3628FC266C1886002D349A /* RDFormManager.h in Headers */ = {isa = PBXBuildFile; fileRef = 2F362876266C1883002D349A /* RDFormManager.h */; };
		2F3628FD266C1886002D349A /* RDToolbar.m in Sources */ = {isa = PBXBuildFile; fileRef = 2F362877266C1883002D349A /* RDToolbar.m */; };
		2F3628FE266C1886002D349A /* UILShadowView.m in Sources */ = {isa = PBXBuildFile; fileRef = 2F362878266C1883002D349A /* UILShadowView.m */; };
		2F3628FF266C1886002D349A /* RDMenu.h in Headers */ = {isa = PBXBuildFile; fileRef = 2F362879266C1883002D349A /* RDMenu.h */; };
		2F362900266C1886002D349A /* RDToolbar.h in Headers */ = {isa = PBXBuildFile; fileRef = 2F36287A266C1883002D349A /* RDToolbar.h */; };
		2F362901266C1886002D349A /* PDFHttpStream.h in Headers */ = {isa = PBXBuildFile; fileRef = 2F36287C266C1884002D349A /* PDFHttpStream.h */; };
		2F362902266C1886002D349A /* PDFObjc.m in Sources */ = {isa = PBXBuildFile; fileRef = 2F36287D266C1884002D349A /* PDFObjc.m */; };
		2F362903266C1886002D349A /* PDFIOS.h in Headers */ = {isa = PBXBuildFile; fileRef = 2F36287E266C1884002D349A /* PDFIOS.h */; };
		2F362904266C1886002D349A /* libRDPDFLib.a in Frameworks */ = {isa = PBXBuildFile; fileRef = 2F36287F266C1884002D349A /* libRDPDFLib.a */; };
		2F362905266C1886002D349A /* PDFObjc.h in Headers */ = {isa = PBXBuildFile; fileRef = 2F362880266C1884002D349A /* PDFObjc.h */; };
		2F362906266C1886002D349A /* PDFHttpStream.m in Sources */ = {isa = PBXBuildFile; fileRef = 2F362881266C1884002D349A /* PDFHttpStream.m */; };
		2F362907266C1886002D349A /* UINavigationController+autoRotate.h in Headers */ = {isa = PBXBuildFile; fileRef = 2F362882266C1885002D349A /* UINavigationController+autoRotate.h */; };
		2F362908266C1886002D349A /* PDFNavCtrl.m in Sources */ = {isa = PBXBuildFile; fileRef = 2F362884266C1885002D349A /* PDFNavCtrl.m */; };
		2F362909266C1886002D349A /* UICellView.h in Headers */ = {isa = PBXBuildFile; fileRef = 2F362885266C1885002D349A /* UICellView.h */; };
		2F36290A266C1886002D349A /* PDFNavThumb.m in Sources */ = {isa = PBXBuildFile; fileRef = 2F362887266C1885002D349A /* PDFNavThumb.m */; };
		2F36290B266C1886002D349A /* UICellView.m in Sources */ = {isa = PBXBuildFile; fileRef = 2F36288A266C1885002D349A /* UICellView.m */; };
		2F36290C266C1886002D349A /* PDFNavCtrl.h in Headers */ = {isa = PBXBuildFile; fileRef = 2F36288B266C1885002D349A /* PDFNavCtrl.h */; };
		2F36290D266C1886002D349A /* PDFNavThumb.h in Headers */ = {isa = PBXBuildFile; fileRef = 2F36288C266C1885002D349A /* PDFNavThumb.h */; };
		2F36290E266C1886002D349A /* PDFLayoutView.h in Headers */ = {isa = PBXBuildFile; fileRef = 2F36288E266C1885002D349A /* PDFLayoutView.h */; };
		2F36290F266C1886002D349A /* PDFPopupCtrl.h in Headers */ = {isa = PBXBuildFile; fileRef = 2F36288F266C1885002D349A /* PDFPopupCtrl.h */; };
		2F362910266C1886002D349A /* PDFReflowView.m in Sources */ = {isa = PBXBuildFile; fileRef = 2F362890266C1885002D349A /* PDFReflowView.m */; };
		2F362911266C1886002D349A /* RDPDFView.h in Headers */ = {isa = PBXBuildFile; fileRef = 2F362891266C1885002D349A /* RDPDFView.h */; };
		2F362912266C1886002D349A /* PDFDialog.h in Headers */ = {isa = PBXBuildFile; fileRef = 2F362892266C1885002D349A /* PDFDialog.h */; };
		2F362913266C1886002D349A /* ActionStackManager.m in Sources */ = {isa = PBXBuildFile; fileRef = 2F362893266C1885002D349A /* ActionStackManager.m */; };
		2F362914266C1886002D349A /* PDFGridView.m in Sources */ = {isa = PBXBuildFile; fileRef = 2F362894266C1885002D349A /* PDFGridView.m */; };
		2F362915266C1886002D349A /* PDFDelegate.h in Headers */ = {isa = PBXBuildFile; fileRef = 2F362895266C1885002D349A /* PDFDelegate.h */; };
		2F362916266C1886002D349A /* PDFThumbView.h in Headers */ = {isa = PBXBuildFile; fileRef = 2F362896266C1885002D349A /* PDFThumbView.h */; };
		2F362917266C1886002D349A /* PDFPopupCtrl.m in Sources */ = {isa = PBXBuildFile; fileRef = 2F362897266C1885002D349A /* PDFPopupCtrl.m */; };
		2F362918266C1886002D349A /* PDFLayoutView.m in Sources */ = {isa = PBXBuildFile; fileRef = 2F362898266C1885002D349A /* PDFLayoutView.m */; };
		2F362919266C1886002D349A /* RDPDFView.m in Sources */ = {isa = PBXBuildFile; fileRef = 2F362899266C1885002D349A /* RDPDFView.m */; };
		2F36291A266C1886002D349A /* PDFReflowView.h in Headers */ = {isa = PBXBuildFile; fileRef = 2F36289A266C1885002D349A /* PDFReflowView.h */; };
		2F36291B266C1886002D349A /* PDFGridView.h in Headers */ = {isa = PBXBuildFile; fileRef = 2F36289B266C1885002D349A /* PDFGridView.h */; };
		2F36291C266C1886002D349A /* ActionStackManager.h in Headers */ = {isa = PBXBuildFile; fileRef = 2F36289C266C1885002D349A /* ActionStackManager.h */; };
		2F36291D266C1886002D349A /* PDFDialog.m in Sources */ = {isa = PBXBuildFile; fileRef = 2F36289D266C1885002D349A /* PDFDialog.m */; };
		2F36291E266C1886002D349A /* PDFThumbView.m in Sources */ = {isa = PBXBuildFile; fileRef = 2F36289E266C1885002D349A /* PDFThumbView.m */; };
		2F36291F266C1886002D349A /* UILShadowView.h in Headers */ = {isa = PBXBuildFile; fileRef = 2F36289F266C1885002D349A /* UILShadowView.h */; };
		2F362920266C1886002D349A /* RDVFinder.h in Headers */ = {isa = PBXBuildFile; fileRef = 2F3628A1266C1885002D349A /* RDVFinder.h */; };
		2F362921266C1886002D349A /* RDVThread.m in Sources */ = {isa = PBXBuildFile; fileRef = 2F3628A2266C1885002D349A /* RDVThread.m */; };
		2F362922266C1886002D349A /* RDVLayout.m in Sources */ = {isa = PBXBuildFile; fileRef = 2F3628A3266C1885002D349A /* RDVLayout.m */; };
		2F362923266C1886002D349A /* RDVPage.h in Headers */ = {isa = PBXBuildFile; fileRef = 2F3628A4266C1885002D349A /* RDVPage.h */; };
		2F362924266C1886002D349A /* RDVSel.h in Headers */ = {isa = PBXBuildFile; fileRef = 2F3628A5266C1885002D349A /* RDVSel.h */; };
		2F362925266C1886002D349A /* RDVGlobal.h in Headers */ = {isa = PBXBuildFile; fileRef = 2F3628A6266C1885002D349A /* RDVGlobal.h */; };
		2F362926266C1886002D349A /* RDVCanvas.m in Sources */ = {isa = PBXBuildFile; fileRef = 2F3628A7266C1885002D349A /* RDVCanvas.m */; };
		2F362927266C1886002D349A /* RDVCache.m in Sources */ = {isa = PBXBuildFile; fileRef = 2F3628A8266C1885002D349A /* RDVCache.m */; };
		2F362928266C1886002D349A /* RDUtils.h in Headers */ = {isa = PBXBuildFile; fileRef = 2F3628A9266C1885002D349A /* RDUtils.h */; };
		2F362929266C1886002D349A /* RDVLayout.h in Headers */ = {isa = PBXBuildFile; fileRef = 2F3628AA266C1885002D349A /* RDVLayout.h */; };
		2F36292A266C1886002D349A /* RDVThread.h in Headers */ = {isa = PBXBuildFile; fileRef = 2F3628AB266C1885002D349A /* RDVThread.h */; };
		2F36292B266C1886002D349A /* RDVFinder.m in Sources */ = {isa = PBXBuildFile; fileRef = 2F3628AC266C1885002D349A /* RDVFinder.m */; };
		2F36292C266C1886002D349A /* RDVSel.m in Sources */ = {isa = PBXBuildFile; fileRef = 2F3628AD266C1885002D349A /* RDVSel.m */; };
		2F36292D266C1886002D349A /* RDVPage.m in Sources */ = {isa = PBXBuildFile; fileRef = 2F3628AE266C1885002D349A /* RDVPage.m */; };
		2F36292E266C1886002D349A /* RDVCanvas.h in Headers */ = {isa = PBXBuildFile; fileRef = 2F3628AF266C1885002D349A /* RDVCanvas.h */; };
		2F36292F266C1886002D349A /* RDVGlobal.m in Sources */ = {isa = PBXBuildFile; fileRef = 2F3628B0266C1885002D349A /* RDVGlobal.m */; };
		2F362930266C1886002D349A /* RDUtils.m in Sources */ = {isa = PBXBuildFile; fileRef = 2F3628B1266C1885002D349A /* RDUtils.m */; };
		2F362931266C1886002D349A /* RDVCache.h in Headers */ = {isa = PBXBuildFile; fileRef = 2F3628B2266C1885002D349A /* RDVCache.h */; };
		2F362932266C1886002D349A /* PDFPagesCtrl.m in Sources */ = {isa = PBXBuildFile; fileRef = 2F3628B4266C1885002D349A /* PDFPagesCtrl.m */; };
		2F362933266C1886002D349A /* UIPageCellView.m in Sources */ = {isa = PBXBuildFile; fileRef = 2F3628B5266C1885002D349A /* UIPageCellView.m */; };
		2F362934266C1886002D349A /* PDFPagesView.h in Headers */ = {isa = PBXBuildFile; fileRef = 2F3628B7266C1885002D349A /* PDFPagesView.h */; };
		2F362935266C1886002D349A /* UIPageCellView.h in Headers */ = {isa = PBXBuildFile; fileRef = 2F3628B9266C1885002D349A /* UIPageCellView.h */; };
		2F362936266C1886002D349A /* PDFPagesCtrl.h in Headers */ = {isa = PBXBuildFile; fileRef = 2F3628BA266C1885002D349A /* PDFPagesCtrl.h */; };
		2F362937266C1886002D349A /* PDFPagesView.m in Sources */ = {isa = PBXBuildFile; fileRef = 2F3628BB266C1885002D349A /* PDFPagesView.m */; };
		2F36293A266C19BF002D349A /* PDFViewer-Prefix.pch in Headers */ = {isa = PBXBuildFile; fileRef = 2F362939266C19BF002D349A /* PDFViewer-Prefix.pch */; };
		2F64B3472458E6E200B80316 /* QuartzCore.framework in Frameworks */ = {isa = PBXBuildFile; fileRef = 2F64B3462458E6E200B80316 /* QuartzCore.framework */; };
		2F64B3492458E6EE00B80316 /* CoreGraphics.framework in Frameworks */ = {isa = PBXBuildFile; fileRef = 2F64B3482458E6EE00B80316 /* CoreGraphics.framework */; };
		2F64B34B2458E72F00B80316 /* libc++.tbd in Frameworks */ = {isa = PBXBuildFile; fileRef = 2F64B34A2458E72F00B80316 /* libc++.tbd */; };
		2F64B6682459093F00B80316 /* Foundation.framework in Frameworks */ = {isa = PBXBuildFile; fileRef = 2F64B6672459093F00B80316 /* Foundation.framework */; };
		2F64B66A2459094700B80316 /* UIKit.framework in Frameworks */ = {isa = PBXBuildFile; fileRef = 2F64B6692459094700B80316 /* UIKit.framework */; };
		B3E7B58A1CC2AC0600A0062D /* Radaeepdf.m in Sources */ = {isa = PBXBuildFile; fileRef = B3E7B5891CC2AC0600A0062D /* Radaeepdf.m */; };
/* End PBXBuildFile section */

/* Begin PBXCopyFilesBuildPhase section */
		58B511D91A9E6C8500147676 /* CopyFiles */ = {
			isa = PBXCopyFilesBuildPhase;
			buildActionMask = 2147483647;
			dstPath = "include/$(PRODUCT_NAME)";
			dstSubfolderSpec = 16;
			files = (
			);
			runOnlyForDeploymentPostprocessing = 0;
		};
/* End PBXCopyFilesBuildPhase section */

/* Begin PBXFileReference section */
		134814201AA4EA6300B7C361 /* libRadaeepdf.a */ = {isa = PBXFileReference; explicitFileType = archive.ar; includeInIndex = 0; path = libRadaeepdf.a; sourceTree = BUILT_PRODUCTS_DIR; };
		2F362827266C1881002D349A /* SignatureViewController.h */ = {isa = PBXFileReference; fileEncoding = 4; lastKnownFileType = sourcecode.c.h; path = SignatureViewController.h; sourceTree = "<group>"; };
		2F362828266C1881002D349A /* UviSignatureView.h */ = {isa = PBXFileReference; fileEncoding = 4; lastKnownFileType = sourcecode.c.h; path = UviSignatureView.h; sourceTree = "<group>"; };
		2F362829266C1881002D349A /* SignatureViewController.m */ = {isa = PBXFileReference; fileEncoding = 4; lastKnownFileType = sourcecode.c.objc; path = SignatureViewController.m; sourceTree = "<group>"; };
		2F36282A266C1881002D349A /* UviSignatureView.m */ = {isa = PBXFileReference; fileEncoding = 4; lastKnownFileType = sourcecode.c.objc; path = UviSignatureView.m; sourceTree = "<group>"; };
		2F36282B266C1881002D349A /* UINavigationController+autoRotate.m */ = {isa = PBXFileReference; fileEncoding = 4; lastKnownFileType = sourcecode.c.objc; path = "UINavigationController+autoRotate.m"; sourceTree = "<group>"; };
		2F36282C266C1881002D349A /* RDMenu.m */ = {isa = PBXFileReference; fileEncoding = 4; lastKnownFileType = sourcecode.c.objc; path = RDMenu.m; sourceTree = "<group>"; };
		2F36282D266C1882002D349A /* UILElement.h */ = {isa = PBXFileReference; fileEncoding = 4; lastKnownFileType = sourcecode.c.h; path = UILElement.h; sourceTree = "<group>"; };
		2F36282F266C1882002D349A /* RDTreeViewController.h */ = {isa = PBXFileReference; fileEncoding = 4; lastKnownFileType = sourcecode.c.h; path = RDTreeViewController.h; sourceTree = "<group>"; };
		2F362830266C1882002D349A /* RDTreeTableViewCell.m */ = {isa = PBXFileReference; fileEncoding = 4; lastKnownFileType = sourcecode.c.objc; path = RDTreeTableViewCell.m; sourceTree = "<group>"; };
		2F362831266C1882002D349A /* OUTLINE_ITEM.m */ = {isa = PBXFileReference; fileEncoding = 4; lastKnownFileType = sourcecode.c.objc; path = OUTLINE_ITEM.m; sourceTree = "<group>"; };
		2F362832266C1882002D349A /* RDTreeViewController.m */ = {isa = PBXFileReference; fileEncoding = 4; lastKnownFileType = sourcecode.c.objc; path = RDTreeViewController.m; sourceTree = "<group>"; };
		2F362833266C1882002D349A /* RDTreeViewController.xib */ = {isa = PBXFileReference; fileEncoding = 4; lastKnownFileType = file.xib; path = RDTreeViewController.xib; sourceTree = "<group>"; };
		2F362834266C1882002D349A /* OUTLINE_ITEM.h */ = {isa = PBXFileReference; fileEncoding = 4; lastKnownFileType = sourcecode.c.h; path = OUTLINE_ITEM.h; sourceTree = "<group>"; };
		2F362835266C1882002D349A /* RDTreeTableViewCell.h */ = {isa = PBXFileReference; fileEncoding = 4; lastKnownFileType = sourcecode.c.h; path = RDTreeTableViewCell.h; sourceTree = "<group>"; };
		2F362836266C1882002D349A /* UILElement.m */ = {isa = PBXFileReference; fileEncoding = 4; lastKnownFileType = sourcecode.c.objc; path = UILElement.m; sourceTree = "<group>"; };
		2F362838266C1882002D349A /* DlgAnnotPropIcon.xib */ = {isa = PBXFileReference; fileEncoding = 4; lastKnownFileType = file.xib; path = DlgAnnotPropIcon.xib; sourceTree = "<group>"; };
		2F362839266C1882002D349A /* MenuTool.h */ = {isa = PBXFileReference; fileEncoding = 4; lastKnownFileType = sourcecode.c.h; path = MenuTool.h; sourceTree = "<group>"; };
		2F36283A266C1882002D349A /* RDPDFReflowViewController.h */ = {isa = PBXFileReference; fileEncoding = 4; lastKnownFileType = sourcecode.c.h; path = RDPDFReflowViewController.h; sourceTree = "<group>"; };
		2F36283B266C1882002D349A /* UILStyleView.m */ = {isa = PBXFileReference; fileEncoding = 4; lastKnownFileType = sourcecode.c.objc; path = UILStyleView.m; sourceTree = "<group>"; };
		2F36283C266C1882002D349A /* RDExtendedSearch.m */ = {isa = PBXFileReference; fileEncoding = 4; lastKnownFileType = sourcecode.c.objc; path = RDExtendedSearch.m; sourceTree = "<group>"; };
		2F36283D266C1882002D349A /* RDMetaDataViewController.m */ = {isa = PBXFileReference; fileEncoding = 4; lastKnownFileType = sourcecode.c.objc; path = RDMetaDataViewController.m; sourceTree = "<group>"; };
		2F36283E266C1882002D349A /* PDFReaderCtrl.h */ = {isa = PBXFileReference; fileEncoding = 4; lastKnownFileType = sourcecode.c.h; path = PDFReaderCtrl.h; sourceTree = "<group>"; };
		2F36283F266C1882002D349A /* RDAnnotPickerViewController.m */ = {isa = PBXFileReference; fileEncoding = 4; lastKnownFileType = sourcecode.c.objc; path = RDAnnotPickerViewController.m; sourceTree = "<group>"; };
		2F362840266C1882002D349A /* MenuVMode.m */ = {isa = PBXFileReference; fileEncoding = 4; lastKnownFileType = sourcecode.c.objc; path = MenuVMode.m; sourceTree = "<group>"; };
		2F362841266C1882002D349A /* DlgAnnotPropMarkup.xib */ = {isa = PBXFileReference; fileEncoding = 4; lastKnownFileType = file.xib; path = DlgAnnotPropMarkup.xib; sourceTree = "<group>"; };
		2F362842266C1882002D349A /* UIColorBtn.h */ = {isa = PBXFileReference; fileEncoding = 4; lastKnownFileType = sourcecode.c.h; path = UIColorBtn.h; sourceTree = "<group>"; };
		2F362843266C1882002D349A /* DlgAnnotPropMarkup.h */ = {isa = PBXFileReference; fileEncoding = 4; lastKnownFileType = sourcecode.c.h; path = DlgAnnotPropMarkup.h; sourceTree = "<group>"; };
		2F362844266C1882002D349A /* UIIconView.h */ = {isa = PBXFileReference; fileEncoding = 4; lastKnownFileType = sourcecode.c.h; path = UIIconView.h; sourceTree = "<group>"; };
		2F362845266C1882002D349A /* RDPageViewController.xib */ = {isa = PBXFileReference; fileEncoding = 4; lastKnownFileType = file.xib; path = RDPageViewController.xib; sourceTree = "<group>"; };
		2F362846266C1882002D349A /* PDFReaderCtrl.storyboard */ = {isa = PBXFileReference; fileEncoding = 4; lastKnownFileType = file.storyboard; path = PDFReaderCtrl.storyboard; sourceTree = "<group>"; };
		2F362847266C1882002D349A /* MenuAnnot.m */ = {isa = PBXFileReference; fileEncoding = 4; lastKnownFileType = sourcecode.c.objc; path = MenuAnnot.m; sourceTree = "<group>"; };
		2F362848266C1882002D349A /* MenuCombo.h */ = {isa = PBXFileReference; fileEncoding = 4; lastKnownFileType = sourcecode.c.h; path = MenuCombo.h; sourceTree = "<group>"; };
		2F362849266C1882002D349A /* SearchResultViewController.m */ = {isa = PBXFileReference; fileEncoding = 4; lastKnownFileType = sourcecode.c.objc; path = SearchResultViewController.m; sourceTree = "<group>"; };
		2F36284A266C1882002D349A /* DlgAnnotPropIcon.m */ = {isa = PBXFileReference; fileEncoding = 4; lastKnownFileType = sourcecode.c.objc; path = DlgAnnotPropIcon.m; sourceTree = "<group>"; };
		2F36284B266C1882002D349A /* DlgAnnotPropLine.h */ = {isa = PBXFileReference; fileEncoding = 4; lastKnownFileType = sourcecode.c.h; path = DlgAnnotPropLine.h; sourceTree = "<group>"; };
		2F36284C266C1882002D349A /* RDPopupTextViewController.m */ = {isa = PBXFileReference; fileEncoding = 4; lastKnownFileType = sourcecode.c.objc; path = RDPopupTextViewController.m; sourceTree = "<group>"; };
		2F36284D266C1882002D349A /* UILHeadView.h */ = {isa = PBXFileReference; fileEncoding = 4; lastKnownFileType = sourcecode.c.h; path = UILHeadView.h; sourceTree = "<group>"; };
		2F36284E266C1882002D349A /* RDSinglePageViewController.m */ = {isa = PBXFileReference; fileEncoding = 4; lastKnownFileType = sourcecode.c.objc; path = RDSinglePageViewController.m; sourceTree = "<group>"; };
		2F36284F266C1882002D349A /* RDPageViewController.m */ = {isa = PBXFileReference; fileEncoding = 4; lastKnownFileType = sourcecode.c.objc; path = RDPageViewController.m; sourceTree = "<group>"; };
		2F362850266C1882002D349A /* MenuSearch.m */ = {isa = PBXFileReference; fileEncoding = 4; lastKnownFileType = sourcecode.c.objc; path = MenuSearch.m; sourceTree = "<group>"; };
		2F362851266C1882002D349A /* DlgAnnotPropComm.m */ = {isa = PBXFileReference; fileEncoding = 4; lastKnownFileType = sourcecode.c.objc; path = DlgAnnotPropComm.m; sourceTree = "<group>"; };
		2F362852266C1882002D349A /* MenuAnnotOp.h */ = {isa = PBXFileReference; fileEncoding = 4; lastKnownFileType = sourcecode.c.h; path = MenuAnnotOp.h; sourceTree = "<group>"; };
		2F362853266C1882002D349A /* DlgAnnotPropComm.xib */ = {isa = PBXFileReference; fileEncoding = 4; lastKnownFileType = file.xib; path = DlgAnnotPropComm.xib; sourceTree = "<group>"; };
		2F362854266C1882002D349A /* SearchResultViewController.xib */ = {isa = PBXFileReference; fileEncoding = 4; lastKnownFileType = file.xib; path = SearchResultViewController.xib; sourceTree = "<group>"; };
		2F362855266C1882002D349A /* PDFReaderCtrl.m */ = {isa = PBXFileReference; fileEncoding = 4; lastKnownFileType = sourcecode.c.objc; path = PDFReaderCtrl.m; sourceTree = "<group>"; };
		2F362856266C1882002D349A /* RDExtendedSearch.h */ = {isa = PBXFileReference; fileEncoding = 4; lastKnownFileType = sourcecode.c.h; path = RDExtendedSearch.h; sourceTree = "<group>"; };
		2F362857266C1882002D349A /* RDMetaDataViewController.h */ = {isa = PBXFileReference; fileEncoding = 4; lastKnownFileType = sourcecode.c.h; path = RDMetaDataViewController.h; sourceTree = "<group>"; };
		2F362858266C1882002D349A /* RDPDFReflowViewController.m */ = {isa = PBXFileReference; fileEncoding = 4; lastKnownFileType = sourcecode.c.objc; path = RDPDFReflowViewController.m; sourceTree = "<group>"; };
		2F362859266C1882002D349A /* UILStyleView.h */ = {isa = PBXFileReference; fileEncoding = 4; lastKnownFileType = sourcecode.c.h; path = UILStyleView.h; sourceTree = "<group>"; };
		2F36285A266C1882002D349A /* RDPDFReflowViewController.xib */ = {isa = PBXFileReference; fileEncoding = 4; lastKnownFileType = file.xib; path = RDPDFReflowViewController.xib; sourceTree = "<group>"; };
		2F36285B266C1882002D349A /* MenuTool.m */ = {isa = PBXFileReference; fileEncoding = 4; lastKnownFileType = sourcecode.c.objc; path = MenuTool.m; sourceTree = "<group>"; };
		2F36285C266C1882002D349A /* MenuAnnot.h */ = {isa = PBXFileReference; fileEncoding = 4; lastKnownFileType = sourcecode.c.h; path = MenuAnnot.h; sourceTree = "<group>"; };
		2F36285D266C1882002D349A /* RDMetaDataViewController.xib */ = {isa = PBXFileReference; fileEncoding = 4; lastKnownFileType = file.xib; path = RDMetaDataViewController.xib; sourceTree = "<group>"; };
		2F36285E266C1882002D349A /* UIIconView.m */ = {isa = PBXFileReference; fileEncoding = 4; lastKnownFileType = sourcecode.c.objc; path = UIIconView.m; sourceTree = "<group>"; };
		2F36285F266C1882002D349A /* SearchResultTableViewController.h */ = {isa = PBXFileReference; fileEncoding = 4; lastKnownFileType = sourcecode.c.h; path = SearchResultTableViewController.h; sourceTree = "<group>"; };
		2F362860266C1882002D349A /* UIColorBtn.m */ = {isa = PBXFileReference; fileEncoding = 4; lastKnownFileType = sourcecode.c.objc; path = UIColorBtn.m; sourceTree = "<group>"; };
		2F362861266C1882002D349A /* DlgAnnotPropMarkup.m */ = {isa = PBXFileReference; fileEncoding = 4; lastKnownFileType = sourcecode.c.objc; path = DlgAnnotPropMarkup.m; sourceTree = "<group>"; };
		2F362862266C1882002D349A /* MenuVMode.h */ = {isa = PBXFileReference; fileEncoding = 4; lastKnownFileType = sourcecode.c.h; path = MenuVMode.h; sourceTree = "<group>"; };
		2F362863266C1882002D349A /* RDAnnotPickerViewController.h */ = {isa = PBXFileReference; fileEncoding = 4; lastKnownFileType = sourcecode.c.h; path = RDAnnotPickerViewController.h; sourceTree = "<group>"; };
		2F362864266C1882002D349A /* RDPopupTextViewController.xib */ = {isa = PBXFileReference; fileEncoding = 4; lastKnownFileType = file.xib; path = RDPopupTextViewController.xib; sourceTree = "<group>"; };
		2F362865266C1882002D349A /* RDSinglePageViewController.h */ = {isa = PBXFileReference; fileEncoding = 4; lastKnownFileType = sourcecode.c.h; path = RDSinglePageViewController.h; sourceTree = "<group>"; };
		2F362866266C1882002D349A /* RDPopupTextViewController.h */ = {isa = PBXFileReference; fileEncoding = 4; lastKnownFileType = sourcecode.c.h; path = RDPopupTextViewController.h; sourceTree = "<group>"; };
		2F362867266C1882002D349A /* UILHeadView.m */ = {isa = PBXFileReference; fileEncoding = 4; lastKnownFileType = sourcecode.c.objc; path = UILHeadView.m; sourceTree = "<group>"; };
		2F362868266C1882002D349A /* DlgAnnotPropLine.xib */ = {isa = PBXFileReference; fileEncoding = 4; lastKnownFileType = file.xib; path = DlgAnnotPropLine.xib; sourceTree = "<group>"; };
		2F362869266C1882002D349A /* DlgAnnotPropLine.m */ = {isa = PBXFileReference; fileEncoding = 4; lastKnownFileType = sourcecode.c.objc; path = DlgAnnotPropLine.m; sourceTree = "<group>"; };
		2F36286A266C1882002D349A /* DlgAnnotPropIcon.h */ = {isa = PBXFileReference; fileEncoding = 4; lastKnownFileType = sourcecode.c.h; path = DlgAnnotPropIcon.h; sourceTree = "<group>"; };
		2F36286B266C1882002D349A /* SearchResultViewController.h */ = {isa = PBXFileReference; fileEncoding = 4; lastKnownFileType = sourcecode.c.h; path = SearchResultViewController.h; sourceTree = "<group>"; };
		2F36286C266C1882002D349A /* MenuCombo.m */ = {isa = PBXFileReference; fileEncoding = 4; lastKnownFileType = sourcecode.c.objc; path = MenuCombo.m; sourceTree = "<group>"; };
		2F36286D266C1882002D349A /* RDAnnotPickerViewController.xib */ = {isa = PBXFileReference; fileEncoding = 4; lastKnownFileType = file.xib; path = RDAnnotPickerViewController.xib; sourceTree = "<group>"; };
		2F36286E266C1883002D349A /* MenuAnnotOp.m */ = {isa = PBXFileReference; fileEncoding = 4; lastKnownFileType = sourcecode.c.objc; path = MenuAnnotOp.m; sourceTree = "<group>"; };
		2F36286F266C1883002D349A /* DlgAnnotPropComm.h */ = {isa = PBXFileReference; fileEncoding = 4; lastKnownFileType = sourcecode.c.h; path = DlgAnnotPropComm.h; sourceTree = "<group>"; };
		2F362870266C1883002D349A /* RDPageViewController.h */ = {isa = PBXFileReference; fileEncoding = 4; lastKnownFileType = sourcecode.c.h; path = RDPageViewController.h; sourceTree = "<group>"; };
		2F362871266C1883002D349A /* MenuSearch.h */ = {isa = PBXFileReference; fileEncoding = 4; lastKnownFileType = sourcecode.c.h; path = MenuSearch.h; sourceTree = "<group>"; };
		2F362873266C1883002D349A /* RadaeePDFPlugin.h */ = {isa = PBXFileReference; fileEncoding = 4; lastKnownFileType = sourcecode.c.h; path = RadaeePDFPlugin.h; sourceTree = "<group>"; };
		2F362874266C1883002D349A /* RDFormManager.m */ = {isa = PBXFileReference; fileEncoding = 4; lastKnownFileType = sourcecode.c.objc; path = RDFormManager.m; sourceTree = "<group>"; };
		2F362875266C1883002D349A /* RadaeePDFPlugin.m */ = {isa = PBXFileReference; fileEncoding = 4; lastKnownFileType = sourcecode.c.objc; path = RadaeePDFPlugin.m; sourceTree = "<group>"; };
		2F362876266C1883002D349A /* RDFormManager.h */ = {isa = PBXFileReference; fileEncoding = 4; lastKnownFileType = sourcecode.c.h; path = RDFormManager.h; sourceTree = "<group>"; };
		2F362877266C1883002D349A /* RDToolbar.m */ = {isa = PBXFileReference; fileEncoding = 4; lastKnownFileType = sourcecode.c.objc; path = RDToolbar.m; sourceTree = "<group>"; };
		2F362878266C1883002D349A /* UILShadowView.m */ = {isa = PBXFileReference; fileEncoding = 4; lastKnownFileType = sourcecode.c.objc; path = UILShadowView.m; sourceTree = "<group>"; };
		2F362879266C1883002D349A /* RDMenu.h */ = {isa = PBXFileReference; fileEncoding = 4; lastKnownFileType = sourcecode.c.h; path = RDMenu.h; sourceTree = "<group>"; };
		2F36287A266C1883002D349A /* RDToolbar.h */ = {isa = PBXFileReference; fileEncoding = 4; lastKnownFileType = sourcecode.c.h; path = RDToolbar.h; sourceTree = "<group>"; };
		2F36287C266C1884002D349A /* PDFHttpStream.h */ = {isa = PBXFileReference; fileEncoding = 4; lastKnownFileType = sourcecode.c.h; path = PDFHttpStream.h; sourceTree = "<group>"; };
		2F36287D266C1884002D349A /* PDFObjc.m */ = {isa = PBXFileReference; fileEncoding = 4; lastKnownFileType = sourcecode.c.objc; path = PDFObjc.m; sourceTree = "<group>"; };
		2F36287E266C1884002D349A /* PDFIOS.h */ = {isa = PBXFileReference; fileEncoding = 4; lastKnownFileType = sourcecode.c.h; path = PDFIOS.h; sourceTree = "<group>"; };
		2F36287F266C1884002D349A /* libRDPDFLib.a */ = {isa = PBXFileReference; lastKnownFileType = archive.ar; path = libRDPDFLib.a; sourceTree = "<group>"; };
		2F362880266C1884002D349A /* PDFObjc.h */ = {isa = PBXFileReference; fileEncoding = 4; lastKnownFileType = sourcecode.c.h; path = PDFObjc.h; sourceTree = "<group>"; };
		2F362881266C1884002D349A /* PDFHttpStream.m */ = {isa = PBXFileReference; fileEncoding = 4; lastKnownFileType = sourcecode.c.objc; path = PDFHttpStream.m; sourceTree = "<group>"; };
		2F362882266C1885002D349A /* UINavigationController+autoRotate.h */ = {isa = PBXFileReference; fileEncoding = 4; lastKnownFileType = sourcecode.c.h; path = "UINavigationController+autoRotate.h"; sourceTree = "<group>"; };
		2F362884266C1885002D349A /* PDFNavCtrl.m */ = {isa = PBXFileReference; fileEncoding = 4; lastKnownFileType = sourcecode.c.objc; path = PDFNavCtrl.m; sourceTree = "<group>"; };
		2F362885266C1885002D349A /* UICellView.h */ = {isa = PBXFileReference; fileEncoding = 4; lastKnownFileType = sourcecode.c.h; path = UICellView.h; sourceTree = "<group>"; };
		2F362886266C1885002D349A /* UICellView.xib */ = {isa = PBXFileReference; fileEncoding = 4; lastKnownFileType = file.xib; path = UICellView.xib; sourceTree = "<group>"; };
		2F362887266C1885002D349A /* PDFNavThumb.m */ = {isa = PBXFileReference; fileEncoding = 4; lastKnownFileType = sourcecode.c.objc; path = PDFNavThumb.m; sourceTree = "<group>"; };
		2F362889266C1885002D349A /* Base */ = {isa = PBXFileReference; lastKnownFileType = file.storyboard; name = Base; path = Base.lproj/PDFNav.storyboard; sourceTree = "<group>"; };
		2F36288A266C1885002D349A /* UICellView.m */ = {isa = PBXFileReference; fileEncoding = 4; lastKnownFileType = sourcecode.c.objc; path = UICellView.m; sourceTree = "<group>"; };
		2F36288B266C1885002D349A /* PDFNavCtrl.h */ = {isa = PBXFileReference; fileEncoding = 4; lastKnownFileType = sourcecode.c.h; path = PDFNavCtrl.h; sourceTree = "<group>"; };
		2F36288C266C1885002D349A /* PDFNavThumb.h */ = {isa = PBXFileReference; fileEncoding = 4; lastKnownFileType = sourcecode.c.h; path = PDFNavThumb.h; sourceTree = "<group>"; };
		2F36288E266C1885002D349A /* PDFLayoutView.h */ = {isa = PBXFileReference; fileEncoding = 4; lastKnownFileType = sourcecode.c.h; path = PDFLayoutView.h; sourceTree = "<group>"; };
		2F36288F266C1885002D349A /* PDFPopupCtrl.h */ = {isa = PBXFileReference; fileEncoding = 4; lastKnownFileType = sourcecode.c.h; path = PDFPopupCtrl.h; sourceTree = "<group>"; };
		2F362890266C1885002D349A /* PDFReflowView.m */ = {isa = PBXFileReference; fileEncoding = 4; lastKnownFileType = sourcecode.c.objc; path = PDFReflowView.m; sourceTree = "<group>"; };
		2F362891266C1885002D349A /* RDPDFView.h */ = {isa = PBXFileReference; fileEncoding = 4; lastKnownFileType = sourcecode.c.h; path = RDPDFView.h; sourceTree = "<group>"; };
		2F362892266C1885002D349A /* PDFDialog.h */ = {isa = PBXFileReference; fileEncoding = 4; lastKnownFileType = sourcecode.c.h; path = PDFDialog.h; sourceTree = "<group>"; };
		2F362893266C1885002D349A /* ActionStackManager.m */ = {isa = PBXFileReference; fileEncoding = 4; lastKnownFileType = sourcecode.c.objc; path = ActionStackManager.m; sourceTree = "<group>"; };
		2F362894266C1885002D349A /* PDFGridView.m */ = {isa = PBXFileReference; fileEncoding = 4; lastKnownFileType = sourcecode.c.objc; path = PDFGridView.m; sourceTree = "<group>"; };
		2F362895266C1885002D349A /* PDFDelegate.h */ = {isa = PBXFileReference; fileEncoding = 4; lastKnownFileType = sourcecode.c.h; path = PDFDelegate.h; sourceTree = "<group>"; };
		2F362896266C1885002D349A /* PDFThumbView.h */ = {isa = PBXFileReference; fileEncoding = 4; lastKnownFileType = sourcecode.c.h; path = PDFThumbView.h; sourceTree = "<group>"; };
		2F362897266C1885002D349A /* PDFPopupCtrl.m */ = {isa = PBXFileReference; fileEncoding = 4; lastKnownFileType = sourcecode.c.objc; path = PDFPopupCtrl.m; sourceTree = "<group>"; };
		2F362898266C1885002D349A /* PDFLayoutView.m */ = {isa = PBXFileReference; fileEncoding = 4; lastKnownFileType = sourcecode.c.objc; path = PDFLayoutView.m; sourceTree = "<group>"; };
		2F362899266C1885002D349A /* RDPDFView.m */ = {isa = PBXFileReference; fileEncoding = 4; lastKnownFileType = sourcecode.c.objc; path = RDPDFView.m; sourceTree = "<group>"; };
		2F36289A266C1885002D349A /* PDFReflowView.h */ = {isa = PBXFileReference; fileEncoding = 4; lastKnownFileType = sourcecode.c.h; path = PDFReflowView.h; sourceTree = "<group>"; };
		2F36289B266C1885002D349A /* PDFGridView.h */ = {isa = PBXFileReference; fileEncoding = 4; lastKnownFileType = sourcecode.c.h; path = PDFGridView.h; sourceTree = "<group>"; };
		2F36289C266C1885002D349A /* ActionStackManager.h */ = {isa = PBXFileReference; fileEncoding = 4; lastKnownFileType = sourcecode.c.h; path = ActionStackManager.h; sourceTree = "<group>"; };
		2F36289D266C1885002D349A /* PDFDialog.m */ = {isa = PBXFileReference; fileEncoding = 4; lastKnownFileType = sourcecode.c.objc; path = PDFDialog.m; sourceTree = "<group>"; };
		2F36289E266C1885002D349A /* PDFThumbView.m */ = {isa = PBXFileReference; fileEncoding = 4; lastKnownFileType = sourcecode.c.objc; path = PDFThumbView.m; sourceTree = "<group>"; };
		2F36289F266C1885002D349A /* UILShadowView.h */ = {isa = PBXFileReference; fileEncoding = 4; lastKnownFileType = sourcecode.c.h; path = UILShadowView.h; sourceTree = "<group>"; };
		2F3628A1266C1885002D349A /* RDVFinder.h */ = {isa = PBXFileReference; fileEncoding = 4; lastKnownFileType = sourcecode.c.h; path = RDVFinder.h; sourceTree = "<group>"; };
		2F3628A2266C1885002D349A /* RDVThread.m */ = {isa = PBXFileReference; fileEncoding = 4; lastKnownFileType = sourcecode.c.objc; path = RDVThread.m; sourceTree = "<group>"; };
		2F3628A3266C1885002D349A /* RDVLayout.m */ = {isa = PBXFileReference; fileEncoding = 4; lastKnownFileType = sourcecode.c.objc; path = RDVLayout.m; sourceTree = "<group>"; };
		2F3628A4266C1885002D349A /* RDVPage.h */ = {isa = PBXFileReference; fileEncoding = 4; lastKnownFileType = sourcecode.c.h; path = RDVPage.h; sourceTree = "<group>"; };
		2F3628A5266C1885002D349A /* RDVSel.h */ = {isa = PBXFileReference; fileEncoding = 4; lastKnownFileType = sourcecode.c.h; path = RDVSel.h; sourceTree = "<group>"; };
		2F3628A6266C1885002D349A /* RDVGlobal.h */ = {isa = PBXFileReference; fileEncoding = 4; lastKnownFileType = sourcecode.c.h; path = RDVGlobal.h; sourceTree = "<group>"; };
		2F3628A7266C1885002D349A /* RDVCanvas.m */ = {isa = PBXFileReference; fileEncoding = 4; lastKnownFileType = sourcecode.c.objc; path = RDVCanvas.m; sourceTree = "<group>"; };
		2F3628A8266C1885002D349A /* RDVCache.m */ = {isa = PBXFileReference; fileEncoding = 4; lastKnownFileType = sourcecode.c.objc; path = RDVCache.m; sourceTree = "<group>"; };
		2F3628A9266C1885002D349A /* RDUtils.h */ = {isa = PBXFileReference; fileEncoding = 4; lastKnownFileType = sourcecode.c.h; path = RDUtils.h; sourceTree = "<group>"; };
		2F3628AA266C1885002D349A /* RDVLayout.h */ = {isa = PBXFileReference; fileEncoding = 4; lastKnownFileType = sourcecode.c.h; path = RDVLayout.h; sourceTree = "<group>"; };
		2F3628AB266C1885002D349A /* RDVThread.h */ = {isa = PBXFileReference; fileEncoding = 4; lastKnownFileType = sourcecode.c.h; path = RDVThread.h; sourceTree = "<group>"; };
		2F3628AC266C1885002D349A /* RDVFinder.m */ = {isa = PBXFileReference; fileEncoding = 4; lastKnownFileType = sourcecode.c.objc; path = RDVFinder.m; sourceTree = "<group>"; };
		2F3628AD266C1885002D349A /* RDVSel.m */ = {isa = PBXFileReference; fileEncoding = 4; lastKnownFileType = sourcecode.c.objc; path = RDVSel.m; sourceTree = "<group>"; };
		2F3628AE266C1885002D349A /* RDVPage.m */ = {isa = PBXFileReference; fileEncoding = 4; lastKnownFileType = sourcecode.c.objc; path = RDVPage.m; sourceTree = "<group>"; };
		2F3628AF266C1885002D349A /* RDVCanvas.h */ = {isa = PBXFileReference; fileEncoding = 4; lastKnownFileType = sourcecode.c.h; path = RDVCanvas.h; sourceTree = "<group>"; };
		2F3628B0266C1885002D349A /* RDVGlobal.m */ = {isa = PBXFileReference; fileEncoding = 4; lastKnownFileType = sourcecode.c.objc; path = RDVGlobal.m; sourceTree = "<group>"; };
		2F3628B1266C1885002D349A /* RDUtils.m */ = {isa = PBXFileReference; fileEncoding = 4; lastKnownFileType = sourcecode.c.objc; path = RDUtils.m; sourceTree = "<group>"; };
		2F3628B2266C1885002D349A /* RDVCache.h */ = {isa = PBXFileReference; fileEncoding = 4; lastKnownFileType = sourcecode.c.h; path = RDVCache.h; sourceTree = "<group>"; };
		2F3628B4266C1885002D349A /* PDFPagesCtrl.m */ = {isa = PBXFileReference; fileEncoding = 4; lastKnownFileType = sourcecode.c.objc; path = PDFPagesCtrl.m; sourceTree = "<group>"; };
		2F3628B5266C1885002D349A /* UIPageCellView.m */ = {isa = PBXFileReference; fileEncoding = 4; lastKnownFileType = sourcecode.c.objc; path = UIPageCellView.m; sourceTree = "<group>"; };
		2F3628B6266C1885002D349A /* PDFPagesCtrl.storyboard */ = {isa = PBXFileReference; fileEncoding = 4; lastKnownFileType = file.storyboard; path = PDFPagesCtrl.storyboard; sourceTree = "<group>"; };
		2F3628B7266C1885002D349A /* PDFPagesView.h */ = {isa = PBXFileReference; fileEncoding = 4; lastKnownFileType = sourcecode.c.h; path = PDFPagesView.h; sourceTree = "<group>"; };
		2F3628B8266C1885002D349A /* UIPageCellView.xib */ = {isa = PBXFileReference; fileEncoding = 4; lastKnownFileType = file.xib; path = UIPageCellView.xib; sourceTree = "<group>"; };
		2F3628B9266C1885002D349A /* UIPageCellView.h */ = {isa = PBXFileReference; fileEncoding = 4; lastKnownFileType = sourcecode.c.h; path = UIPageCellView.h; sourceTree = "<group>"; };
		2F3628BA266C1885002D349A /* PDFPagesCtrl.h */ = {isa = PBXFileReference; fileEncoding = 4; lastKnownFileType = sourcecode.c.h; path = PDFPagesCtrl.h; sourceTree = "<group>"; };
		2F3628BB266C1885002D349A /* PDFPagesView.m */ = {isa = PBXFileReference; fileEncoding = 4; lastKnownFileType = sourcecode.c.objc; path = PDFPagesView.m; sourceTree = "<group>"; };
		2F362938266C18C0002D349A /* PDFRes */ = {isa = PBXFileReference; lastKnownFileType = folder; path = PDFRes; sourceTree = "<group>"; };
		2F362939266C19BF002D349A /* PDFViewer-Prefix.pch */ = {isa = PBXFileReference; fileEncoding = 4; lastKnownFileType = sourcecode.c.h; path = "PDFViewer-Prefix.pch"; sourceTree = "<group>"; };
		2F64B3462458E6E200B80316 /* QuartzCore.framework */ = {isa = PBXFileReference; lastKnownFileType = wrapper.framework; name = QuartzCore.framework; path = Platforms/MacOSX.platform/Developer/SDKs/MacOSX10.15.sdk/System/Library/Frameworks/QuartzCore.framework; sourceTree = DEVELOPER_DIR; };
		2F64B3482458E6EE00B80316 /* CoreGraphics.framework */ = {isa = PBXFileReference; lastKnownFileType = wrapper.framework; name = CoreGraphics.framework; path = Platforms/MacOSX.platform/Developer/SDKs/MacOSX10.15.sdk/System/Library/Frameworks/CoreGraphics.framework; sourceTree = DEVELOPER_DIR; };
		2F64B34A2458E72F00B80316 /* libc++.tbd */ = {isa = PBXFileReference; lastKnownFileType = "sourcecode.text-based-dylib-definition"; name = "libc++.tbd"; path = "Platforms/MacOSX.platform/Developer/SDKs/MacOSX10.15.sdk/usr/lib/libc++.tbd"; sourceTree = DEVELOPER_DIR; };
		2F64B6672459093F00B80316 /* Foundation.framework */ = {isa = PBXFileReference; lastKnownFileType = wrapper.framework; name = Foundation.framework; path = Platforms/MacOSX.platform/Developer/SDKs/MacOSX10.15.sdk/System/Library/Frameworks/Foundation.framework; sourceTree = DEVELOPER_DIR; };
		2F64B6692459094700B80316 /* UIKit.framework */ = {isa = PBXFileReference; lastKnownFileType = wrapper.framework; name = UIKit.framework; path = System/Library/Frameworks/UIKit.framework; sourceTree = SDKROOT; };
		B3E7B5881CC2AC0600A0062D /* Radaeepdf.h */ = {isa = PBXFileReference; fileEncoding = 4; lastKnownFileType = sourcecode.c.h; path = Radaeepdf.h; sourceTree = "<group>"; };
		B3E7B5891CC2AC0600A0062D /* Radaeepdf.m */ = {isa = PBXFileReference; fileEncoding = 4; lastKnownFileType = sourcecode.c.objc; path = Radaeepdf.m; sourceTree = "<group>"; };
/* End PBXFileReference section */

/* Begin PBXFrameworksBuildPhase section */
		58B511D81A9E6C8500147676 /* Frameworks */ = {
			isa = PBXFrameworksBuildPhase;
			buildActionMask = 2147483647;
			files = (
				2F64B66A2459094700B80316 /* UIKit.framework in Frameworks */,
				2F64B6682459093F00B80316 /* Foundation.framework in Frameworks */,
				2F64B34B2458E72F00B80316 /* libc++.tbd in Frameworks */,
				2F64B3492458E6EE00B80316 /* CoreGraphics.framework in Frameworks */,
				2F362904266C1886002D349A /* libRDPDFLib.a in Frameworks */,
				2F64B3472458E6E200B80316 /* QuartzCore.framework in Frameworks */,
			);
			runOnlyForDeploymentPostprocessing = 0;
		};
/* End PBXFrameworksBuildPhase section */

/* Begin PBXGroup section */
		134814211AA4EA7D00B7C361 /* Products */ = {
			isa = PBXGroup;
			children = (
				134814201AA4EA6300B7C361 /* libRadaeepdf.a */,
			);
			name = Products;
			sourceTree = "<group>";
		};
		2F362825266C17C6002D349A /* PDFViewer */ = {
			isa = PBXGroup;
			children = (
				2F362939266C19BF002D349A /* PDFViewer-Prefix.pch */,
				2F362938266C18C0002D349A /* PDFRes */,
				2F3628A0266C1885002D349A /* PDFLayout */,
				2F36287B266C1884002D349A /* PDFLib */,
				2F362883266C1885002D349A /* PDFNav */,
				2F3628B3266C1885002D349A /* PDFPages */,
				2F362837266C1882002D349A /* PDFReader */,
				2F36288D266C1885002D349A /* PDFView */,
				2F362879266C1883002D349A /* RDMenu.h */,
				2F36282C266C1881002D349A /* RDMenu.m */,
				2F362872266C1883002D349A /* RDPlugin */,
				2F362826266C1881002D349A /* RDSignature */,
				2F36287A266C1883002D349A /* RDToolbar.h */,
				2F362877266C1883002D349A /* RDToolbar.m */,
				2F36282E266C1882002D349A /* RDTreeTableViewController */,
				2F36282D266C1882002D349A /* UILElement.h */,
				2F362836266C1882002D349A /* UILElement.m */,
				2F36289F266C1885002D349A /* UILShadowView.h */,
				2F362878266C1883002D349A /* UILShadowView.m */,
				2F362882266C1885002D349A /* UINavigationController+autoRotate.h */,
				2F36282B266C1881002D349A /* UINavigationController+autoRotate.m */,
			);
			path = PDFViewer;
			sourceTree = "<group>";
		};
		2F362826266C1881002D349A /* RDSignature */ = {
			isa = PBXGroup;
			children = (
				2F362827266C1881002D349A /* SignatureViewController.h */,
				2F362828266C1881002D349A /* UviSignatureView.h */,
				2F362829266C1881002D349A /* SignatureViewController.m */,
				2F36282A266C1881002D349A /* UviSignatureView.m */,
			);
			path = RDSignature;
			sourceTree = "<group>";
		};
		2F36282E266C1882002D349A /* RDTreeTableViewController */ = {
			isa = PBXGroup;
			children = (
				2F36282F266C1882002D349A /* RDTreeViewController.h */,
				2F362830266C1882002D349A /* RDTreeTableViewCell.m */,
				2F362831266C1882002D349A /* OUTLINE_ITEM.m */,
				2F362832266C1882002D349A /* RDTreeViewController.m */,
				2F362833266C1882002D349A /* RDTreeViewController.xib */,
				2F362834266C1882002D349A /* OUTLINE_ITEM.h */,
				2F362835266C1882002D349A /* RDTreeTableViewCell.h */,
			);
			path = RDTreeTableViewController;
			sourceTree = "<group>";
		};
		2F362837266C1882002D349A /* PDFReader */ = {
			isa = PBXGroup;
			children = (
				2F362838266C1882002D349A /* DlgAnnotPropIcon.xib */,
				2F362839266C1882002D349A /* MenuTool.h */,
				2F36283A266C1882002D349A /* RDPDFReflowViewController.h */,
				2F36283B266C1882002D349A /* UILStyleView.m */,
				2F36283C266C1882002D349A /* RDExtendedSearch.m */,
				2F36283D266C1882002D349A /* RDMetaDataViewController.m */,
				2F36283E266C1882002D349A /* PDFReaderCtrl.h */,
				2F36283F266C1882002D349A /* RDAnnotPickerViewController.m */,
				2F362840266C1882002D349A /* MenuVMode.m */,
				2F362841266C1882002D349A /* DlgAnnotPropMarkup.xib */,
				2F362842266C1882002D349A /* UIColorBtn.h */,
				2F362843266C1882002D349A /* DlgAnnotPropMarkup.h */,
				2F362844266C1882002D349A /* UIIconView.h */,
				2F362845266C1882002D349A /* RDPageViewController.xib */,
				2F362846266C1882002D349A /* PDFReaderCtrl.storyboard */,
				2F362847266C1882002D349A /* MenuAnnot.m */,
				2F362848266C1882002D349A /* MenuCombo.h */,
				2F362849266C1882002D349A /* SearchResultViewController.m */,
				2F36284A266C1882002D349A /* DlgAnnotPropIcon.m */,
				2F36284B266C1882002D349A /* DlgAnnotPropLine.h */,
				2F36284C266C1882002D349A /* RDPopupTextViewController.m */,
				2F36284D266C1882002D349A /* UILHeadView.h */,
				2F36284E266C1882002D349A /* RDSinglePageViewController.m */,
				2F36284F266C1882002D349A /* RDPageViewController.m */,
				2F362850266C1882002D349A /* MenuSearch.m */,
				2F362851266C1882002D349A /* DlgAnnotPropComm.m */,
				2F362852266C1882002D349A /* MenuAnnotOp.h */,
				2F362853266C1882002D349A /* DlgAnnotPropComm.xib */,
				2F362854266C1882002D349A /* SearchResultViewController.xib */,
				2F362855266C1882002D349A /* PDFReaderCtrl.m */,
				2F362856266C1882002D349A /* RDExtendedSearch.h */,
				2F362857266C1882002D349A /* RDMetaDataViewController.h */,
				2F362858266C1882002D349A /* RDPDFReflowViewController.m */,
				2F362859266C1882002D349A /* UILStyleView.h */,
				2F36285A266C1882002D349A /* RDPDFReflowViewController.xib */,
				2F36285B266C1882002D349A /* MenuTool.m */,
				2F36285C266C1882002D349A /* MenuAnnot.h */,
				2F36285D266C1882002D349A /* RDMetaDataViewController.xib */,
				2F36285E266C1882002D349A /* UIIconView.m */,
				2F36285F266C1882002D349A /* SearchResultTableViewController.h */,
				2F362860266C1882002D349A /* UIColorBtn.m */,
				2F362861266C1882002D349A /* DlgAnnotPropMarkup.m */,
				2F362862266C1882002D349A /* MenuVMode.h */,
				2F362863266C1882002D349A /* RDAnnotPickerViewController.h */,
				2F362864266C1882002D349A /* RDPopupTextViewController.xib */,
				2F362865266C1882002D349A /* RDSinglePageViewController.h */,
				2F362866266C1882002D349A /* RDPopupTextViewController.h */,
				2F362867266C1882002D349A /* UILHeadView.m */,
				2F362868266C1882002D349A /* DlgAnnotPropLine.xib */,
				2F362869266C1882002D349A /* DlgAnnotPropLine.m */,
				2F36286A266C1882002D349A /* DlgAnnotPropIcon.h */,
				2F36286B266C1882002D349A /* SearchResultViewController.h */,
				2F36286C266C1882002D349A /* MenuCombo.m */,
				2F36286D266C1882002D349A /* RDAnnotPickerViewController.xib */,
				2F36286E266C1883002D349A /* MenuAnnotOp.m */,
				2F36286F266C1883002D349A /* DlgAnnotPropComm.h */,
				2F362870266C1883002D349A /* RDPageViewController.h */,
				2F362871266C1883002D349A /* MenuSearch.h */,
			);
			path = PDFReader;
			sourceTree = "<group>";
		};
		2F362872266C1883002D349A /* RDPlugin */ = {
			isa = PBXGroup;
			children = (
				2F362873266C1883002D349A /* RadaeePDFPlugin.h */,
				2F362874266C1883002D349A /* RDFormManager.m */,
				2F362875266C1883002D349A /* RadaeePDFPlugin.m */,
				2F362876266C1883002D349A /* RDFormManager.h */,
			);
			path = RDPlugin;
			sourceTree = "<group>";
		};
		2F36287B266C1884002D349A /* PDFLib */ = {
			isa = PBXGroup;
			children = (
				2F36287C266C1884002D349A /* PDFHttpStream.h */,
				2F36287D266C1884002D349A /* PDFObjc.m */,
				2F36287E266C1884002D349A /* PDFIOS.h */,
				2F36287F266C1884002D349A /* libRDPDFLib.a */,
				2F362880266C1884002D349A /* PDFObjc.h */,
				2F362881266C1884002D349A /* PDFHttpStream.m */,
			);
			path = PDFLib;
			sourceTree = "<group>";
		};
		2F362883266C1885002D349A /* PDFNav */ = {
			isa = PBXGroup;
			children = (
				2F362884266C1885002D349A /* PDFNavCtrl.m */,
				2F362885266C1885002D349A /* UICellView.h */,
				2F362886266C1885002D349A /* UICellView.xib */,
				2F362887266C1885002D349A /* PDFNavThumb.m */,
				2F362888266C1885002D349A /* PDFNav.storyboard */,
				2F36288A266C1885002D349A /* UICellView.m */,
				2F36288B266C1885002D349A /* PDFNavCtrl.h */,
				2F36288C266C1885002D349A /* PDFNavThumb.h */,
			);
			path = PDFNav;
			sourceTree = "<group>";
		};
		2F36288D266C1885002D349A /* PDFView */ = {
			isa = PBXGroup;
			children = (
				2F36288E266C1885002D349A /* PDFLayoutView.h */,
				2F36288F266C1885002D349A /* PDFPopupCtrl.h */,
				2F362890266C1885002D349A /* PDFReflowView.m */,
				2F362891266C1885002D349A /* RDPDFView.h */,
				2F362892266C1885002D349A /* PDFDialog.h */,
				2F362893266C1885002D349A /* ActionStackManager.m */,
				2F362894266C1885002D349A /* PDFGridView.m */,
				2F362895266C1885002D349A /* PDFDelegate.h */,
				2F362896266C1885002D349A /* PDFThumbView.h */,
				2F362897266C1885002D349A /* PDFPopupCtrl.m */,
				2F362898266C1885002D349A /* PDFLayoutView.m */,
				2F362899266C1885002D349A /* RDPDFView.m */,
				2F36289A266C1885002D349A /* PDFReflowView.h */,
				2F36289B266C1885002D349A /* PDFGridView.h */,
				2F36289C266C1885002D349A /* ActionStackManager.h */,
				2F36289D266C1885002D349A /* PDFDialog.m */,
				2F36289E266C1885002D349A /* PDFThumbView.m */,
			);
			path = PDFView;
			sourceTree = "<group>";
		};
		2F3628A0266C1885002D349A /* PDFLayout */ = {
			isa = PBXGroup;
			children = (
				2F3628A1266C1885002D349A /* RDVFinder.h */,
				2F3628A2266C1885002D349A /* RDVThread.m */,
				2F3628A3266C1885002D349A /* RDVLayout.m */,
				2F3628A4266C1885002D349A /* RDVPage.h */,
				2F3628A5266C1885002D349A /* RDVSel.h */,
				2F3628A6266C1885002D349A /* RDVGlobal.h */,
				2F3628A7266C1885002D349A /* RDVCanvas.m */,
				2F3628A8266C1885002D349A /* RDVCache.m */,
				2F3628A9266C1885002D349A /* RDUtils.h */,
				2F3628AA266C1885002D349A /* RDVLayout.h */,
				2F3628AB266C1885002D349A /* RDVThread.h */,
				2F3628AC266C1885002D349A /* RDVFinder.m */,
				2F3628AD266C1885002D349A /* RDVSel.m */,
				2F3628AE266C1885002D349A /* RDVPage.m */,
				2F3628AF266C1885002D349A /* RDVCanvas.h */,
				2F3628B0266C1885002D349A /* RDVGlobal.m */,
				2F3628B2266C1885002D349A /* RDVCache.h */,
				2F3628B1266C1885002D349A /* RDUtils.m */,
			);
			path = PDFLayout;
			sourceTree = "<group>";
		};
		2F3628B3266C1885002D349A /* PDFPages */ = {
			isa = PBXGroup;
			children = (
				2F3628B4266C1885002D349A /* PDFPagesCtrl.m */,
				2F3628B5266C1885002D349A /* UIPageCellView.m */,
				2F3628B6266C1885002D349A /* PDFPagesCtrl.storyboard */,
				2F3628B7266C1885002D349A /* PDFPagesView.h */,
				2F3628B8266C1885002D349A /* UIPageCellView.xib */,
				2F3628B9266C1885002D349A /* UIPageCellView.h */,
				2F3628BA266C1885002D349A /* PDFPagesCtrl.h */,
				2F3628BB266C1885002D349A /* PDFPagesView.m */,
			);
			path = PDFPages;
			sourceTree = "<group>";
		};
		2F64B3452458E6E200B80316 /* Frameworks */ = {
			isa = PBXGroup;
			children = (
				2F64B6692459094700B80316 /* UIKit.framework */,
				2F64B6672459093F00B80316 /* Foundation.framework */,
				2F64B34A2458E72F00B80316 /* libc++.tbd */,
				2F64B3482458E6EE00B80316 /* CoreGraphics.framework */,
				2F64B3462458E6E200B80316 /* QuartzCore.framework */,
			);
			name = Frameworks;
			sourceTree = "<group>";
		};
		58B511D21A9E6C8500147676 = {
			isa = PBXGroup;
			children = (
				2F362825266C17C6002D349A /* PDFViewer */,
				B3E7B5881CC2AC0600A0062D /* Radaeepdf.h */,
				B3E7B5891CC2AC0600A0062D /* Radaeepdf.m */,
				2F64B3452458E6E200B80316 /* Frameworks */,
				134814211AA4EA7D00B7C361 /* Products */,
			);
			sourceTree = "<group>";
		};
/* End PBXGroup section */

/* Begin PBXHeadersBuildPhase section */
		2F64B3AE2458F23F00B80316 /* Headers */ = {
			isa = PBXHeadersBuildPhase;
			buildActionMask = 2147483647;
			files = (
				2F36290E266C1886002D349A /* PDFLayoutView.h in Headers */,
				2F362920266C1886002D349A /* RDVFinder.h in Headers */,
				2F3628BC266C1886002D349A /* SignatureViewController.h in Headers */,
				2F3628CF266C1886002D349A /* PDFReaderCtrl.h in Headers */,
				2F362900266C1886002D349A /* RDToolbar.h in Headers */,
				2F362911266C1886002D349A /* RDPDFView.h in Headers */,
				2F362928266C1886002D349A /* RDUtils.h in Headers */,
				2F362924266C1886002D349A /* RDVSel.h in Headers */,
				2F3628DB266C1886002D349A /* UILHeadView.h in Headers */,
				2F362915266C1886002D349A /* PDFDelegate.h in Headers */,
				2F362907266C1886002D349A /* UINavigationController+autoRotate.h in Headers */,
				2F3628E9266C1886002D349A /* SearchResultTableViewController.h in Headers */,
				2F36291A266C1886002D349A /* PDFReflowView.h in Headers */,
				2F36290C266C1886002D349A /* PDFNavCtrl.h in Headers */,
				2F362935266C1886002D349A /* UIPageCellView.h in Headers */,
				2F362909266C1886002D349A /* UICellView.h in Headers */,
				2F3628CA266C1886002D349A /* MenuTool.h in Headers */,
				2F3628E2266C1886002D349A /* RDExtendedSearch.h in Headers */,
				2F3628D6266C1886002D349A /* MenuCombo.h in Headers */,
				2F3628EF266C1886002D349A /* RDPopupTextViewController.h in Headers */,
				2F3628ED266C1886002D349A /* RDAnnotPickerViewController.h in Headers */,
				2F3628F8266C1886002D349A /* MenuSearch.h in Headers */,
				2F362929266C1886002D349A /* RDVLayout.h in Headers */,
				2F3628FC266C1886002D349A /* RDFormManager.h in Headers */,
				2F36292A266C1886002D349A /* RDVThread.h in Headers */,
				2F36292E266C1886002D349A /* RDVCanvas.h in Headers */,
				2F3628D2266C1886002D349A /* UIColorBtn.h in Headers */,
				2F3628D4266C1886002D349A /* UIIconView.h in Headers */,
				2F36291F266C1886002D349A /* UILShadowView.h in Headers */,
				2F362916266C1886002D349A /* PDFThumbView.h in Headers */,
				2F3628E0266C1886002D349A /* MenuAnnotOp.h in Headers */,
				2F362903266C1886002D349A /* PDFIOS.h in Headers */,
				2F36291B266C1886002D349A /* PDFGridView.h in Headers */,
				2F3628E5266C1886002D349A /* UILStyleView.h in Headers */,
				2F3628F9266C1886002D349A /* RadaeePDFPlugin.h in Headers */,
				2F3628E7266C1886002D349A /* MenuAnnot.h in Headers */,
				2F36293A266C19BF002D349A /* PDFViewer-Prefix.pch in Headers */,
				2F362925266C1886002D349A /* RDVGlobal.h in Headers */,
				2F3628C3266C1886002D349A /* RDTreeViewController.h in Headers */,
				2F362934266C1886002D349A /* PDFPagesView.h in Headers */,
				2F3628EE266C1886002D349A /* RDSinglePageViewController.h in Headers */,
				2F3628F3266C1886002D349A /* SearchResultViewController.h in Headers */,
				2F3628C8266C1886002D349A /* RDTreeTableViewCell.h in Headers */,
				2F362912266C1886002D349A /* PDFDialog.h in Headers */,
				2F3628F2266C1886002D349A /* DlgAnnotPropIcon.h in Headers */,
				2F3628C7266C1886002D349A /* OUTLINE_ITEM.h in Headers */,
				2F36291C266C1886002D349A /* ActionStackManager.h in Headers */,
				2F362931266C1886002D349A /* RDVCache.h in Headers */,
				2F362901266C1886002D349A /* PDFHttpStream.h in Headers */,
				2F36290D266C1886002D349A /* PDFNavThumb.h in Headers */,
				2F3628F6266C1886002D349A /* DlgAnnotPropComm.h in Headers */,
				2F3628FF266C1886002D349A /* RDMenu.h in Headers */,
				2F3628C2266C1886002D349A /* UILElement.h in Headers */,
				2F362936266C1886002D349A /* PDFPagesCtrl.h in Headers */,
				2F3628F7266C1886002D349A /* RDPageViewController.h in Headers */,
				2F36290F266C1886002D349A /* PDFPopupCtrl.h in Headers */,
				2F3628BD266C1886002D349A /* UviSignatureView.h in Headers */,
				2F3628EC266C1886002D349A /* MenuVMode.h in Headers */,
				2F3628E3266C1886002D349A /* RDMetaDataViewController.h in Headers */,
				2F3628CB266C1886002D349A /* RDPDFReflowViewController.h in Headers */,
				2F3628D9266C1886002D349A /* DlgAnnotPropLine.h in Headers */,
				2F3628D3266C1886002D349A /* DlgAnnotPropMarkup.h in Headers */,
				2F362923266C1886002D349A /* RDVPage.h in Headers */,
				2F362905266C1886002D349A /* PDFObjc.h in Headers */,
			);
			runOnlyForDeploymentPostprocessing = 0;
		};
/* End PBXHeadersBuildPhase section */

/* Begin PBXNativeTarget section */
		58B511DA1A9E6C8500147676 /* Radaeepdf */ = {
			isa = PBXNativeTarget;
			buildConfigurationList = 58B511EF1A9E6C8500147676 /* Build configuration list for PBXNativeTarget "Radaeepdf" */;
			buildPhases = (
				2F64B3AE2458F23F00B80316 /* Headers */,
				58B511D71A9E6C8500147676 /* Sources */,
				58B511D81A9E6C8500147676 /* Frameworks */,
				58B511D91A9E6C8500147676 /* CopyFiles */,
			);
			buildRules = (
			);
			dependencies = (
			);
			name = Radaeepdf;
			productName = RCTDataManager;
			productReference = 134814201AA4EA6300B7C361 /* libRadaeepdf.a */;
			productType = "com.apple.product-type.library.static";
		};
/* End PBXNativeTarget section */

/* Begin PBXProject section */
		58B511D31A9E6C8500147676 /* Project object */ = {
			isa = PBXProject;
			attributes = {
				LastUpgradeCheck = 0920;
				ORGANIZATIONNAME = Facebook;
				TargetAttributes = {
					58B511DA1A9E6C8500147676 = {
						CreatedOnToolsVersion = 6.1.1;
					};
				};
			};
			buildConfigurationList = 58B511D61A9E6C8500147676 /* Build configuration list for PBXProject "Radaeepdf" */;
			compatibilityVersion = "Xcode 3.2";
			developmentRegion = English;
			hasScannedForEncodings = 0;
			knownRegions = (
				English,
				en,
				"zh-Hans",
				it,
				Base,
			);
			mainGroup = 58B511D21A9E6C8500147676;
			productRefGroup = 58B511D21A9E6C8500147676;
			projectDirPath = "";
			projectRoot = "";
			targets = (
				58B511DA1A9E6C8500147676 /* Radaeepdf */,
			);
		};
/* End PBXProject section */

/* Begin PBXSourcesBuildPhase section */
		58B511D71A9E6C8500147676 /* Sources */ = {
			isa = PBXSourcesBuildPhase;
			buildActionMask = 2147483647;
			files = (
				2F36292B266C1886002D349A /* RDVFinder.m in Sources */,
				2F362933266C1886002D349A /* UIPageCellView.m in Sources */,
				2F3628EA266C1886002D349A /* UIColorBtn.m in Sources */,
				2F3628D0266C1886002D349A /* RDAnnotPickerViewController.m in Sources */,
				2F3628C5266C1886002D349A /* OUTLINE_ITEM.m in Sources */,
				2F3628E1266C1886002D349A /* PDFReaderCtrl.m in Sources */,
				2F36292D266C1886002D349A /* RDVPage.m in Sources */,
				2F3628DA266C1886002D349A /* RDPopupTextViewController.m in Sources */,
				2F3628BF266C1886002D349A /* UviSignatureView.m in Sources */,
				B3E7B58A1CC2AC0600A0062D /* Radaeepdf.m in Sources */,
				2F36292F266C1886002D349A /* RDVGlobal.m in Sources */,
				2F362917266C1886002D349A /* PDFPopupCtrl.m in Sources */,
				2F362914266C1886002D349A /* PDFGridView.m in Sources */,
				2F36290A266C1886002D349A /* PDFNavThumb.m in Sources */,
				2F3628CE266C1886002D349A /* RDMetaDataViewController.m in Sources */,
				2F3628C1266C1886002D349A /* RDMenu.m in Sources */,
				2F3628FE266C1886002D349A /* UILShadowView.m in Sources */,
				2F3628F1266C1886002D349A /* DlgAnnotPropLine.m in Sources */,
				2F362921266C1886002D349A /* RDVThread.m in Sources */,
				2F362902266C1886002D349A /* PDFObjc.m in Sources */,
				2F36290B266C1886002D349A /* UICellView.m in Sources */,
				2F36291D266C1886002D349A /* PDFDialog.m in Sources */,
				2F3628D1266C1886002D349A /* MenuVMode.m in Sources */,
				2F3628D8266C1886002D349A /* DlgAnnotPropIcon.m in Sources */,
				2F3628BE266C1886002D349A /* SignatureViewController.m in Sources */,
				2F3628F0266C1886002D349A /* UILHeadView.m in Sources */,
				2F362927266C1886002D349A /* RDVCache.m in Sources */,
				2F3628E8266C1886002D349A /* UIIconView.m in Sources */,
				2F3628C9266C1886002D349A /* UILElement.m in Sources */,
				2F362919266C1886002D349A /* RDPDFView.m in Sources */,
				2F3628C0266C1886002D349A /* UINavigationController+autoRotate.m in Sources */,
				2F3628F4266C1886002D349A /* MenuCombo.m in Sources */,
				2F3628EB266C1886002D349A /* DlgAnnotPropMarkup.m in Sources */,
				2F362932266C1886002D349A /* PDFPagesCtrl.m in Sources */,
				2F3628D5266C1886002D349A /* MenuAnnot.m in Sources */,
				2F362906266C1886002D349A /* PDFHttpStream.m in Sources */,
				2F362922266C1886002D349A /* RDVLayout.m in Sources */,
				2F362930266C1886002D349A /* RDUtils.m in Sources */,
				2F3628E6266C1886002D349A /* MenuTool.m in Sources */,
				2F362937266C1886002D349A /* PDFPagesView.m in Sources */,
				2F3628FA266C1886002D349A /* RDFormManager.m in Sources */,
				2F362908266C1886002D349A /* PDFNavCtrl.m in Sources */,
				2F362926266C1886002D349A /* RDVCanvas.m in Sources */,
				2F3628DF266C1886002D349A /* DlgAnnotPropComm.m in Sources */,
				2F3628D7266C1886002D349A /* SearchResultViewController.m in Sources */,
				2F362910266C1886002D349A /* PDFReflowView.m in Sources */,
				2F3628CD266C1886002D349A /* RDExtendedSearch.m in Sources */,
				2F3628DD266C1886002D349A /* RDPageViewController.m in Sources */,
				2F3628FD266C1886002D349A /* RDToolbar.m in Sources */,
				2F3628DC266C1886002D349A /* RDSinglePageViewController.m in Sources */,
				2F362913266C1886002D349A /* ActionStackManager.m in Sources */,
				2F3628FB266C1886002D349A /* RadaeePDFPlugin.m in Sources */,
				2F3628C6266C1886002D349A /* RDTreeViewController.m in Sources */,
				2F3628E4266C1886002D349A /* RDPDFReflowViewController.m in Sources */,
				2F3628F5266C1886002D349A /* MenuAnnotOp.m in Sources */,
				2F3628C4266C1886002D349A /* RDTreeTableViewCell.m in Sources */,
				2F362918266C1886002D349A /* PDFLayoutView.m in Sources */,
				2F36292C266C1886002D349A /* RDVSel.m in Sources */,
				2F3628DE266C1886002D349A /* MenuSearch.m in Sources */,
				2F3628CC266C1886002D349A /* UILStyleView.m in Sources */,
				2F36291E266C1886002D349A /* PDFThumbView.m in Sources */,
			);
			runOnlyForDeploymentPostprocessing = 0;
		};
/* End PBXSourcesBuildPhase section */

/* Begin PBXVariantGroup section */
		2F362888266C1885002D349A /* PDFNav.storyboard */ = {
			isa = PBXVariantGroup;
			children = (
				2F362889266C1885002D349A /* Base */,
			);
			name = PDFNav.storyboard;
			sourceTree = "<group>";
		};
/* End PBXVariantGroup section */

/* Begin XCBuildConfiguration section */
		58B511ED1A9E6C8500147676 /* Debug */ = {
			isa = XCBuildConfiguration;
			buildSettings = {
				ALWAYS_SEARCH_USER_PATHS = NO;
				CLANG_CXX_LANGUAGE_STANDARD = "gnu++0x";
				CLANG_CXX_LIBRARY = "libc++";
				CLANG_ENABLE_MODULES = YES;
				CLANG_ENABLE_OBJC_ARC = YES;
				CLANG_WARN_BLOCK_CAPTURE_AUTORELEASING = YES;
				CLANG_WARN_BOOL_CONVERSION = YES;
				CLANG_WARN_COMMA = YES;
				CLANG_WARN_CONSTANT_CONVERSION = YES;
				CLANG_WARN_DIRECT_OBJC_ISA_USAGE = YES_ERROR;
				CLANG_WARN_EMPTY_BODY = YES;
				CLANG_WARN_ENUM_CONVERSION = YES;
				CLANG_WARN_INFINITE_RECURSION = YES;
				CLANG_WARN_INT_CONVERSION = YES;
				CLANG_WARN_NON_LITERAL_NULL_CONVERSION = YES;
				CLANG_WARN_OBJC_LITERAL_CONVERSION = YES;
				CLANG_WARN_OBJC_ROOT_CLASS = YES_ERROR;
				CLANG_WARN_RANGE_LOOP_ANALYSIS = YES;
				CLANG_WARN_STRICT_PROTOTYPES = YES;
				CLANG_WARN_SUSPICIOUS_MOVE = YES;
				CLANG_WARN_UNREACHABLE_CODE = YES;
				CLANG_WARN__DUPLICATE_METHOD_MATCH = YES;
				COPY_PHASE_STRIP = NO;
				ENABLE_STRICT_OBJC_MSGSEND = YES;
				ENABLE_TESTABILITY = YES;
				GCC_C_LANGUAGE_STANDARD = gnu99;
				GCC_DYNAMIC_NO_PIC = NO;
				GCC_NO_COMMON_BLOCKS = YES;
				GCC_OPTIMIZATION_LEVEL = 0;
				GCC_PREPROCESSOR_DEFINITIONS = (
					"DEBUG=1",
					"$(inherited)",
				);
				GCC_SYMBOLS_PRIVATE_EXTERN = NO;
				GCC_WARN_64_TO_32_BIT_CONVERSION = YES;
				GCC_WARN_ABOUT_RETURN_TYPE = YES_ERROR;
				GCC_WARN_UNDECLARED_SELECTOR = YES;
				GCC_WARN_UNINITIALIZED_AUTOS = YES_AGGRESSIVE;
				GCC_WARN_UNUSED_FUNCTION = YES;
				GCC_WARN_UNUSED_VARIABLE = YES;
				IPHONEOS_DEPLOYMENT_TARGET = 8.0;
				MTL_ENABLE_DEBUG_INFO = YES;
				ONLY_ACTIVE_ARCH = YES;
				SDKROOT = iphoneos;
			};
			name = Debug;
		};
		58B511EE1A9E6C8500147676 /* Release */ = {
			isa = XCBuildConfiguration;
			buildSettings = {
				ALWAYS_SEARCH_USER_PATHS = NO;
				CLANG_CXX_LANGUAGE_STANDARD = "gnu++0x";
				CLANG_CXX_LIBRARY = "libc++";
				CLANG_ENABLE_MODULES = YES;
				CLANG_ENABLE_OBJC_ARC = YES;
				CLANG_WARN_BLOCK_CAPTURE_AUTORELEASING = YES;
				CLANG_WARN_BOOL_CONVERSION = YES;
				CLANG_WARN_COMMA = YES;
				CLANG_WARN_CONSTANT_CONVERSION = YES;
				CLANG_WARN_DIRECT_OBJC_ISA_USAGE = YES_ERROR;
				CLANG_WARN_EMPTY_BODY = YES;
				CLANG_WARN_ENUM_CONVERSION = YES;
				CLANG_WARN_INFINITE_RECURSION = YES;
				CLANG_WARN_INT_CONVERSION = YES;
				CLANG_WARN_NON_LITERAL_NULL_CONVERSION = YES;
				CLANG_WARN_OBJC_LITERAL_CONVERSION = YES;
				CLANG_WARN_OBJC_ROOT_CLASS = YES_ERROR;
				CLANG_WARN_RANGE_LOOP_ANALYSIS = YES;
				CLANG_WARN_STRICT_PROTOTYPES = YES;
				CLANG_WARN_SUSPICIOUS_MOVE = YES;
				CLANG_WARN_UNREACHABLE_CODE = YES;
				CLANG_WARN__DUPLICATE_METHOD_MATCH = YES;
				COPY_PHASE_STRIP = YES;
				ENABLE_NS_ASSERTIONS = NO;
				ENABLE_STRICT_OBJC_MSGSEND = YES;
				GCC_C_LANGUAGE_STANDARD = gnu99;
				GCC_NO_COMMON_BLOCKS = YES;
				GCC_WARN_64_TO_32_BIT_CONVERSION = YES;
				GCC_WARN_ABOUT_RETURN_TYPE = YES_ERROR;
				GCC_WARN_UNDECLARED_SELECTOR = YES;
				GCC_WARN_UNINITIALIZED_AUTOS = YES_AGGRESSIVE;
				GCC_WARN_UNUSED_FUNCTION = YES;
				GCC_WARN_UNUSED_VARIABLE = YES;
				IPHONEOS_DEPLOYMENT_TARGET = 8.0;
				MTL_ENABLE_DEBUG_INFO = NO;
				SDKROOT = iphoneos;
				VALIDATE_PRODUCT = YES;
			};
			name = Release;
		};
		58B511F01A9E6C8500147676 /* Debug */ = {
			isa = XCBuildConfiguration;
			buildSettings = {
				ENABLE_BITCODE = NO;
				EXCLUDED_ARCHS = "";
				"EXCLUDED_ARCHS[sdk=*]" = arm64;
				GCC_PREFIX_HEADER = "PDFViewer/PDFViewer-Prefix.pch";
				HEADER_SEARCH_PATHS = (
					"$(inherited)",
					/Applications/Xcode.app/Contents/Developer/Toolchains/XcodeDefault.xctoolchain/usr/include,
					"$(SRCROOT)/../../../React/**",
					"$(SRCROOT)/../../react-native/React/**",
				);
				LIBRARY_SEARCH_PATHS = (
					"$(inherited)",
					"$(PROJECT_DIR)/PDFViewer/PDFLib",
					"$(PROJECT_DIR)/PDFLib",
				);
				OTHER_LDFLAGS = (
					"-ObjC",
					"-lstdc++",
					"-lz",
				);
				PRODUCT_NAME = Radaeepdf;
				SKIP_INSTALL = YES;
			};
			name = Debug;
		};
		58B511F11A9E6C8500147676 /* Release */ = {
			isa = XCBuildConfiguration;
			buildSettings = {
				ENABLE_BITCODE = NO;
				EXCLUDED_ARCHS = "";
				GCC_PRECOMPILE_PREFIX_HEADER = NO;
				GCC_PREFIX_HEADER = "";
				HEADER_SEARCH_PATHS = (
					"$(inherited)",
					/Applications/Xcode.app/Contents/Developer/Toolchains/XcodeDefault.xctoolchain/usr/include,
					"$(SRCROOT)/../../../React/**",
					"$(SRCROOT)/../../react-native/React/**",
				);
				LIBRARY_SEARCH_PATHS = (
					"$(inherited)",
					"$(PROJECT_DIR)/PDFViewer/PDFLib",
					"$(PROJECT_DIR)/PDFLib",
				);
				OTHER_LDFLAGS = (
					"-ObjC",
					"-lstdc++",
					"-lz",
				);
				PRODUCT_NAME = Radaeepdf;
				SKIP_INSTALL = YES;
			};
			name = Release;
		};
/* End XCBuildConfiguration section */

/* Begin XCConfigurationList section */
		58B511D61A9E6C8500147676 /* Build configuration list for PBXProject "Radaeepdf" */ = {
			isa = XCConfigurationList;
			buildConfigurations = (
				58B511ED1A9E6C8500147676 /* Debug */,
				58B511EE1A9E6C8500147676 /* Release */,
			);
			defaultConfigurationIsVisible = 0;
			defaultConfigurationName = Release;
		};
		58B511EF1A9E6C8500147676 /* Build configuration list for PBXNativeTarget "Radaeepdf" */ = {
			isa = XCConfigurationList;
			buildConfigurations = (
				58B511F01A9E6C8500147676 /* Debug */,
				58B511F11A9E6C8500147676 /* Release */,
			);
			defaultConfigurationIsVisible = 0;
			defaultConfigurationName = Release;
		};
/* End XCConfigurationList section */
	};
	rootObject = 58B511D31A9E6C8500147676 /* Project object */;
}
